<?xml version="1.0" encoding="utf-8"?>
<Project ToolsVersion="4.0" xmlns="http://schemas.microsoft.com/developer/msbuild/2003">
  <ItemGroup>
    <Filter Include="Direct3D">
      <UniqueIdentifier>{bf721fab-5540-4a24-abbd-9d50480a227e}</UniqueIdentifier>
    </Filter>
    <Filter Include="OpenGL">
      <UniqueIdentifier>{893ee873-1b57-4d52-b5e8-b13618995f85}</UniqueIdentifier>
    </Filter>
    <Filter Include="Windows">
      <UniqueIdentifier>{fefaf7dd-c159-4b08-8381-14f7b94da366}</UniqueIdentifier>
    </Filter>
  </ItemGroup>
  <ItemGroup>
    <ClCompile Include="cMeshBuilder.cpp" />
    <ClCompile Include="EntryPoint.cpp" />
    <ClCompile Include="Direct3D\cMeshBuilder.d3d.cpp">
      <Filter>Direct3D</Filter>
    </ClCompile>
    <ClCompile Include="OpenGL\cMeshBuilder.gl.cpp">
      <Filter>OpenGL</Filter>
    </ClCompile>
  </ItemGroup>
  <ItemGroup>
    <ClInclude Include="cMeshBuilder.h" />
    <ClInclude Include="Windows\ExternalLibraries.win.h">
      <Filter>Windows</Filter>
    </ClInclude>
  </ItemGroup>
</Project>