<?xml version="1.0" encoding="utf-8"?>
<Project ToolsVersion="4.0" xmlns="http://schemas.microsoft.com/developer/msbuild/2003">
  <ItemGroup>
    <ClCompile Include="NarratorRuntime.cpp" />
    <ClCompile Include="Core\Node.cpp">
      <Filter>Core</Filter>
    </ClCompile>
    <ClCompile Include="Core\StartNode.cpp">
      <Filter>Core</Filter>
    </ClCompile>
    <ClCompile Include="Core\ChoiceNode.cpp">
      <Filter>Core</Filter>
    </ClCompile>
    <ClCompile Include="Core\DesicionNode.cpp">
      <Filter>Core</Filter>
    </ClCompile>
    <ClCompile Include="Core\DialogueNode.cpp">
      <Filter>Core</Filter>
    </ClCompile>
    <ClCompile Include="Core\DivertNode.cpp">
      <Filter>Core</Filter>
    </ClCompile>
    <ClCompile Include="Core\EndNode.cpp">
      <Filter>Core</Filter>
    </ClCompile>
    <ClCompile Include="Core\KnotNode.cpp">
      <Filter>Core</Filter>
    </ClCompile>
    <ClCompile Include="Core\Graph.cpp">
      <Filter>Core</Filter>
    </ClCompile>
    <ClCompile Include="Core\Edge.cpp">
      <Filter>Core</Filter>
    </ClCompile>
  </ItemGroup>
  <ItemGroup>
    <Filter Include="Core">
      <UniqueIdentifier>{db16d205-5f26-4985-b5e4-d6c30b2c5e09}</UniqueIdentifier>
    </Filter>
  </ItemGroup>
  <ItemGroup>
    <ClInclude Include="Core\Node.h">
      <Filter>Core</Filter>
    </ClInclude>
    <ClInclude Include="Core\NodeType.h">
      <Filter>Core</Filter>
    </ClInclude>
    <ClInclude Include="Core\StartNode.h">
      <Filter>Core</Filter>
    </ClInclude>
    <ClInclude Include="Core\ChoiceNode.h">
      <Filter>Core</Filter>
    </ClInclude>
    <ClInclude Include="Core\DesicionNode.h">
      <Filter>Core</Filter>
    </ClInclude>
    <ClInclude Include="Core\DialogueNode.h">
      <Filter>Core</Filter>
    </ClInclude>
    <ClInclude Include="Core\DivertNode.h">
      <Filter>Core</Filter>
    </ClInclude>
    <ClInclude Include="Core\EndNode.h">
      <Filter>Core</Filter>
    </ClInclude>
    <ClInclude Include="Core\KnotNode.h">
      <Filter>Core</Filter>
    </ClInclude>
    <ClInclude Include="Core\Graph.h">
      <Filter>Core</Filter>
    </ClInclude>
    <ClInclude Include="Core\Edge.h">
      <Filter>Core</Filter>
    </ClInclude>
  </ItemGroup>
</Project>